// !$*UTF8*$!
{
	archiveVersion = 1;
	classes = {
	};
	objectVersion = 46;
	objects = {

/* Begin PBXBuildFile section */
		9942042019DE37F600942EE2 /* main.m in Sources */ = {isa = PBXBuildFile; fileRef = 9942041F19DE37F600942EE2 /* main.m */; };
		9942042319DE37F600942EE2 /* AppDelegate.m in Sources */ = {isa = PBXBuildFile; fileRef = 9942042219DE37F600942EE2 /* AppDelegate.m */; };
		9942042919DE37F600942EE2 /* Main.storyboard in Resources */ = {isa = PBXBuildFile; fileRef = 9942042719DE37F600942EE2 /* Main.storyboard */; };
		9942042B19DE37F600942EE2 /* Images.xcassets in Resources */ = {isa = PBXBuildFile; fileRef = 9942042A19DE37F600942EE2 /* Images.xcassets */; };
		9942042E19DE37F600942EE2 /* LaunchScreen.xib in Resources */ = {isa = PBXBuildFile; fileRef = 9942042C19DE37F600942EE2 /* LaunchScreen.xib */; };
		9942043A19DE37F600942EE2 /* Out_of_this_WorldTests.m in Sources */ = {isa = PBXBuildFile; fileRef = 9942043919DE37F600942EE2 /* Out_of_this_WorldTests.m */; };
		9942044519DE38DD00942EE2 /* OWOuterSpaceTableViewController.m in Sources */ = {isa = PBXBuildFile; fileRef = 9942044419DE38DD00942EE2 /* OWOuterSpaceTableViewController.m */; };
		99E0B4FF19E06ED600D3F8C4 /* Mars.jpg in Resources */ = {isa = PBXBuildFile; fileRef = 99E0B4F519E06ED600D3F8C4 /* Mars.jpg */; };
		99E0B50019E06ED600D3F8C4 /* Earth.jpg in Resources */ = {isa = PBXBuildFile; fileRef = 99E0B4F619E06ED600D3F8C4 /* Earth.jpg */; };
		99E0B50119E06ED600D3F8C4 /* Mercury.jpg in Resources */ = {isa = PBXBuildFile; fileRef = 99E0B4F719E06ED600D3F8C4 /* Mercury.jpg */; };
		99E0B50219E06ED600D3F8C4 /* Venus.jpg in Resources */ = {isa = PBXBuildFile; fileRef = 99E0B4F819E06ED600D3F8C4 /* Venus.jpg */; };
		99E0B50319E06ED600D3F8C4 /* Saturn.jpg in Resources */ = {isa = PBXBuildFile; fileRef = 99E0B4F919E06ED600D3F8C4 /* Saturn.jpg */; };
		99E0B50419E06ED600D3F8C4 /* EinsteinRing.jpg in Resources */ = {isa = PBXBuildFile; fileRef = 99E0B4FA19E06ED600D3F8C4 /* EinsteinRing.jpg */; };
		99E0B50519E06ED600D3F8C4 /* Jupiter.jpg in Resources */ = {isa = PBXBuildFile; fileRef = 99E0B4FB19E06ED600D3F8C4 /* Jupiter.jpg */; };
		99E0B50619E06ED600D3F8C4 /* Uranus.jpg in Resources */ = {isa = PBXBuildFile; fileRef = 99E0B4FC19E06ED600D3F8C4 /* Uranus.jpg */; };
		99E0B50719E06ED600D3F8C4 /* Orion.jpg in Resources */ = {isa = PBXBuildFile; fileRef = 99E0B4FD19E06ED600D3F8C4 /* Orion.jpg */; };
		99E0B50819E06ED600D3F8C4 /* Neptune.jpg in Resources */ = {isa = PBXBuildFile; fileRef = 99E0B4FE19E06ED600D3F8C4 /* Neptune.jpg */; };
		99E0B50B19E06F0900D3F8C4 /* OWSpaceObject.m in Sources */ = {isa = PBXBuildFile; fileRef = 99E0B50A19E06F0900D3F8C4 /* OWSpaceObject.m */; };
		99E0B54B19E08DED00D3F8C4 /* OWSpaceImageViewController.m in Sources */ = {isa = PBXBuildFile; fileRef = 99E0B54A19E08DED00D3F8C4 /* OWSpaceImageViewController.m */; };
		99ED9EF919DF952B00232EF2 /* AstronomicalData.m in Sources */ = {isa = PBXBuildFile; fileRef = 99ED9EF819DF952B00232EF2 /* AstronomicalData.m */; };
		A30896D619EDC01200811552 /* OWSpaceDataViewController.m in Sources */ = {isa = PBXBuildFile; fileRef = A30896D519EDC01200811552 /* OWSpaceDataViewController.m */; };
/* End PBXBuildFile section */

/* Begin PBXContainerItemProxy section */
		9942043419DE37F600942EE2 /* PBXContainerItemProxy */ = {
			isa = PBXContainerItemProxy;
			containerPortal = 9942041219DE37F600942EE2 /* Project object */;
			proxyType = 1;
			remoteGlobalIDString = 9942041919DE37F600942EE2;
			remoteInfo = "Out of this World";
		};
/* End PBXContainerItemProxy section */

/* Begin PBXFileReference section */
		9942041A19DE37F600942EE2 /* Out of this World.app */ = {isa = PBXFileReference; explicitFileType = wrapper.application; includeInIndex = 0; path = "Out of this World.app"; sourceTree = BUILT_PRODUCTS_DIR; };
		9942041E19DE37F600942EE2 /* Info.plist */ = {isa = PBXFileReference; lastKnownFileType = text.plist.xml; path = Info.plist; sourceTree = "<group>"; };
		9942041F19DE37F600942EE2 /* main.m */ = {isa = PBXFileReference; lastKnownFileType = sourcecode.c.objc; path = main.m; sourceTree = "<group>"; };
		9942042119DE37F600942EE2 /* AppDelegate.h */ = {isa = PBXFileReference; lastKnownFileType = sourcecode.c.h; path = AppDelegate.h; sourceTree = "<group>"; };
		9942042219DE37F600942EE2 /* AppDelegate.m */ = {isa = PBXFileReference; lastKnownFileType = sourcecode.c.objc; path = AppDelegate.m; sourceTree = "<group>"; };
		9942042819DE37F600942EE2 /* Base */ = {isa = PBXFileReference; lastKnownFileType = file.storyboard; name = Base; path = Base.lproj/Main.storyboard; sourceTree = "<group>"; };
		9942042A19DE37F600942EE2 /* Images.xcassets */ = {isa = PBXFileReference; lastKnownFileType = folder.assetcatalog; path = Images.xcassets; sourceTree = "<group>"; };
		9942042D19DE37F600942EE2 /* Base */ = {isa = PBXFileReference; lastKnownFileType = file.xib; name = Base; path = Base.lproj/LaunchScreen.xib; sourceTree = "<group>"; };
		9942043319DE37F600942EE2 /* Out of this WorldTests.xctest */ = {isa = PBXFileReference; explicitFileType = wrapper.cfbundle; includeInIndex = 0; path = "Out of this WorldTests.xctest"; sourceTree = BUILT_PRODUCTS_DIR; };
		9942043819DE37F600942EE2 /* Info.plist */ = {isa = PBXFileReference; lastKnownFileType = text.plist.xml; path = Info.plist; sourceTree = "<group>"; };
		9942043919DE37F600942EE2 /* Out_of_this_WorldTests.m */ = {isa = PBXFileReference; lastKnownFileType = sourcecode.c.objc; path = Out_of_this_WorldTests.m; sourceTree = "<group>"; };
		9942044319DE38DD00942EE2 /* OWOuterSpaceTableViewController.h */ = {isa = PBXFileReference; fileEncoding = 4; lastKnownFileType = sourcecode.c.h; name = OWOuterSpaceTableViewController.h; path = ../OWOuterSpaceTableViewController.h; sourceTree = "<group>"; };
		9942044419DE38DD00942EE2 /* OWOuterSpaceTableViewController.m */ = {isa = PBXFileReference; fileEncoding = 4; lastKnownFileType = sourcecode.c.objc; name = OWOuterSpaceTableViewController.m; path = ../OWOuterSpaceTableViewController.m; sourceTree = "<group>"; };
		99E0B4F519E06ED600D3F8C4 /* Mars.jpg */ = {isa = PBXFileReference; lastKnownFileType = image.jpeg; path = Mars.jpg; sourceTree = "<group>"; };
		99E0B4F619E06ED600D3F8C4 /* Earth.jpg */ = {isa = PBXFileReference; lastKnownFileType = image.jpeg; path = Earth.jpg; sourceTree = "<group>"; };
		99E0B4F719E06ED600D3F8C4 /* Mercury.jpg */ = {isa = PBXFileReference; lastKnownFileType = image.jpeg; path = Mercury.jpg; sourceTree = "<group>"; };
		99E0B4F819E06ED600D3F8C4 /* Venus.jpg */ = {isa = PBXFileReference; lastKnownFileType = image.jpeg; path = Venus.jpg; sourceTree = "<group>"; };
		99E0B4F919E06ED600D3F8C4 /* Saturn.jpg */ = {isa = PBXFileReference; lastKnownFileType = image.jpeg; path = Saturn.jpg; sourceTree = "<group>"; };
		99E0B4FA19E06ED600D3F8C4 /* EinsteinRing.jpg */ = {isa = PBXFileReference; lastKnownFileType = image.jpeg; path = EinsteinRing.jpg; sourceTree = "<group>"; };
		99E0B4FB19E06ED600D3F8C4 /* Jupiter.jpg */ = {isa = PBXFileReference; lastKnownFileType = image.jpeg; path = Jupiter.jpg; sourceTree = "<group>"; };
		99E0B4FC19E06ED600D3F8C4 /* Uranus.jpg */ = {isa = PBXFileReference; lastKnownFileType = image.jpeg; path = Uranus.jpg; sourceTree = "<group>"; };
		99E0B4FD19E06ED600D3F8C4 /* Orion.jpg */ = {isa = PBXFileReference; lastKnownFileType = image.jpeg; path = Orion.jpg; sourceTree = "<group>"; };
		99E0B4FE19E06ED600D3F8C4 /* Neptune.jpg */ = {isa = PBXFileReference; lastKnownFileType = image.jpeg; path = Neptune.jpg; sourceTree = "<group>"; };
		99E0B50919E06F0900D3F8C4 /* OWSpaceObject.h */ = {isa = PBXFileReference; fileEncoding = 4; lastKnownFileType = sourcecode.c.h; path = OWSpaceObject.h; sourceTree = "<group>"; };
		99E0B50A19E06F0900D3F8C4 /* OWSpaceObject.m */ = {isa = PBXFileReference; fileEncoding = 4; lastKnownFileType = sourcecode.c.objc; path = OWSpaceObject.m; sourceTree = "<group>"; };
		99E0B54919E08DED00D3F8C4 /* OWSpaceImageViewController.h */ = {isa = PBXFileReference; fileEncoding = 4; lastKnownFileType = sourcecode.c.h; path = OWSpaceImageViewController.h; sourceTree = "<group>"; };
		99E0B54A19E08DED00D3F8C4 /* OWSpaceImageViewController.m */ = {isa = PBXFileReference; fileEncoding = 4; lastKnownFileType = sourcecode.c.objc; path = OWSpaceImageViewController.m; sourceTree = "<group>"; };
		99ED9EF719DF952B00232EF2 /* AstronomicalData.h */ = {isa = PBXFileReference; fileEncoding = 4; lastKnownFileType = sourcecode.c.h; path = AstronomicalData.h; sourceTree = "<group>"; };
		99ED9EF819DF952B00232EF2 /* AstronomicalData.m */ = {isa = PBXFileReference; fileEncoding = 4; lastKnownFileType = sourcecode.c.objc; path = AstronomicalData.m; sourceTree = "<group>"; };
		A30896D419EDC01200811552 /* OWSpaceDataViewController.h */ = {isa = PBXFileReference; fileEncoding = 4; lastKnownFileType = sourcecode.c.h; path = OWSpaceDataViewController.h; sourceTree = "<group>"; };
		A30896D519EDC01200811552 /* OWSpaceDataViewController.m */ = {isa = PBXFileReference; fileEncoding = 4; lastKnownFileType = sourcecode.c.objc; path = OWSpaceDataViewController.m; sourceTree = "<group>"; };
/* End PBXFileReference section */

/* Begin PBXFrameworksBuildPhase section */
		9942041719DE37F600942EE2 /* Frameworks */ = {
			isa = PBXFrameworksBuildPhase;
			buildActionMask = 2147483647;
			files = (
			);
			runOnlyForDeploymentPostprocessing = 0;
		};
		9942043019DE37F600942EE2 /* Frameworks */ = {
			isa = PBXFrameworksBuildPhase;
			buildActionMask = 2147483647;
			files = (
			);
			runOnlyForDeploymentPostprocessing = 0;
		};
/* End PBXFrameworksBuildPhase section */

/* Begin PBXGroup section */
		9942041119DE37F600942EE2 = {
			isa = PBXGroup;
			children = (
				9942041C19DE37F600942EE2 /* Out of this World */,
				9942043619DE37F600942EE2 /* Out of this WorldTests */,
				9942041B19DE37F600942EE2 /* Products */,
			);
			sourceTree = "<group>";
		};
		9942041B19DE37F600942EE2 /* Products */ = {
			isa = PBXGroup;
			children = (
				9942041A19DE37F600942EE2 /* Out of this World.app */,
				9942043319DE37F600942EE2 /* Out of this WorldTests.xctest */,
			);
			name = Products;
			sourceTree = "<group>";
		};
		9942041C19DE37F600942EE2 /* Out of this World */ = {
			isa = PBXGroup;
			children = (
				99E0B54919E08DED00D3F8C4 /* OWSpaceImageViewController.h */,
				99E0B54A19E08DED00D3F8C4 /* OWSpaceImageViewController.m */,
				99E0B50919E06F0900D3F8C4 /* OWSpaceObject.h */,
				99E0B50A19E06F0900D3F8C4 /* OWSpaceObject.m */,
				9942042119DE37F600942EE2 /* AppDelegate.h */,
				9942042219DE37F600942EE2 /* AppDelegate.m */,
				9942042719DE37F600942EE2 /* Main.storyboard */,
				A30896D419EDC01200811552 /* OWSpaceDataViewController.h */,
				A30896D519EDC01200811552 /* OWSpaceDataViewController.m */,
				9942044319DE38DD00942EE2 /* OWOuterSpaceTableViewController.h */,
				9942044419DE38DD00942EE2 /* OWOuterSpaceTableViewController.m */,
				9942042A19DE37F600942EE2 /* Images.xcassets */,
				9942042C19DE37F600942EE2 /* LaunchScreen.xib */,
				9942041D19DE37F600942EE2 /* Supporting Files */,
			);
			path = "Out of this World";
			sourceTree = "<group>";
		};
		9942041D19DE37F600942EE2 /* Supporting Files */ = {
			isa = PBXGroup;
			children = (
				99E0B4F519E06ED600D3F8C4 /* Mars.jpg */,
				99E0B4F619E06ED600D3F8C4 /* Earth.jpg */,
				99E0B4F719E06ED600D3F8C4 /* Mercury.jpg */,
				99E0B4F819E06ED600D3F8C4 /* Venus.jpg */,
				99E0B4F919E06ED600D3F8C4 /* Saturn.jpg */,
				99E0B4FA19E06ED600D3F8C4 /* EinsteinRing.jpg */,
				99E0B4FB19E06ED600D3F8C4 /* Jupiter.jpg */,
				99E0B4FC19E06ED600D3F8C4 /* Uranus.jpg */,
				99E0B4FD19E06ED600D3F8C4 /* Orion.jpg */,
				99E0B4FE19E06ED600D3F8C4 /* Neptune.jpg */,
				99ED9EF719DF952B00232EF2 /* AstronomicalData.h */,
				99ED9EF819DF952B00232EF2 /* AstronomicalData.m */,
				9942041E19DE37F600942EE2 /* Info.plist */,
				9942041F19DE37F600942EE2 /* main.m */,
			);
			name = "Supporting Files";
			sourceTree = "<group>";
		};
		9942043619DE37F600942EE2 /* Out of this WorldTests */ = {
			isa = PBXGroup;
			children = (
				9942043919DE37F600942EE2 /* Out_of_this_WorldTests.m */,
				9942043719DE37F600942EE2 /* Supporting Files */,
			);
			path = "Out of this WorldTests";
			sourceTree = "<group>";
		};
		9942043719DE37F600942EE2 /* Supporting Files */ = {
			isa = PBXGroup;
			children = (
				9942043819DE37F600942EE2 /* Info.plist */,
			);
			name = "Supporting Files";
			sourceTree = "<group>";
		};
/* End PBXGroup section */

/* Begin PBXNativeTarget section */
		9942041919DE37F600942EE2 /* Out of this World */ = {
			isa = PBXNativeTarget;
			buildConfigurationList = 9942043D19DE37F600942EE2 /* Build configuration list for PBXNativeTarget "Out of this World" */;
			buildPhases = (
				9942041619DE37F600942EE2 /* Sources */,
				9942041719DE37F600942EE2 /* Frameworks */,
				9942041819DE37F600942EE2 /* Resources */,
			);
			buildRules = (
			);
			dependencies = (
			);
			name = "Out of this World";
			productName = "Out of this World";
			productReference = 9942041A19DE37F600942EE2 /* Out of this World.app */;
			productType = "com.apple.product-type.application";
		};
		9942043219DE37F600942EE2 /* Out of this WorldTests */ = {
			isa = PBXNativeTarget;
			buildConfigurationList = 9942044019DE37F600942EE2 /* Build configuration list for PBXNativeTarget "Out of this WorldTests" */;
			buildPhases = (
				9942042F19DE37F600942EE2 /* Sources */,
				9942043019DE37F600942EE2 /* Frameworks */,
				9942043119DE37F600942EE2 /* Resources */,
			);
			buildRules = (
			);
			dependencies = (
				9942043519DE37F600942EE2 /* PBXTargetDependency */,
			);
			name = "Out of this WorldTests";
			productName = "Out of this WorldTests";
			productReference = 9942043319DE37F600942EE2 /* Out of this WorldTests.xctest */;
			productType = "com.apple.product-type.bundle.unit-test";
		};
/* End PBXNativeTarget section */

/* Begin PBXProject section */
		9942041219DE37F600942EE2 /* Project object */ = {
			isa = PBXProject;
			attributes = {
				CLASSPREFIX = MTL;
				LastUpgradeCheck = 0600;
				ORGANIZATIONNAME = "Matthew Linaberry";
				TargetAttributes = {
					9942041919DE37F600942EE2 = {
						CreatedOnToolsVersion = 6.0.1;
					};
					9942043219DE37F600942EE2 = {
						CreatedOnToolsVersion = 6.0.1;
						TestTargetID = 9942041919DE37F600942EE2;
					};
				};
			};
			buildConfigurationList = 9942041519DE37F600942EE2 /* Build configuration list for PBXProject "Out of this World" */;
			compatibilityVersion = "Xcode 3.2";
			developmentRegion = English;
			hasScannedForEncodings = 0;
			knownRegions = (
				en,
				Base,
			);
			mainGroup = 9942041119DE37F600942EE2;
			productRefGroup = 9942041B19DE37F600942EE2 /* Products */;
			projectDirPath = "";
			projectRoot = "";
			targets = (
				9942041919DE37F600942EE2 /* Out of this World */,
				9942043219DE37F600942EE2 /* Out of this WorldTests */,
			);
		};
/* End PBXProject section */

/* Begin PBXResourcesBuildPhase section */
		9942041819DE37F600942EE2 /* Resources */ = {
			isa = PBXResourcesBuildPhase;
			buildActionMask = 2147483647;
			files = (
				9942042919DE37F600942EE2 /* Main.storyboard in Resources */,
				9942042E19DE37F600942EE2 /* LaunchScreen.xib in Resources */,
				99E0B4FF19E06ED600D3F8C4 /* Mars.jpg in Resources */,
				99E0B50519E06ED600D3F8C4 /* Jupiter.jpg in Resources */,
				99E0B50119E06ED600D3F8C4 /* Mercury.jpg in Resources */,
				99E0B50219E06ED600D3F8C4 /* Venus.jpg in Resources */,
				99E0B50019E06ED600D3F8C4 /* Earth.jpg in Resources */,
				99E0B50819E06ED600D3F8C4 /* Neptune.jpg in Resources */,
				99E0B50619E06ED600D3F8C4 /* Uranus.jpg in Resources */,
				99E0B50419E06ED600D3F8C4 /* EinsteinRing.jpg in Resources */,
				99E0B50319E06ED600D3F8C4 /* Saturn.jpg in Resources */,
				9942042B19DE37F600942EE2 /* Images.xcassets in Resources */,
				99E0B50719E06ED600D3F8C4 /* Orion.jpg in Resources */,
			);
			runOnlyForDeploymentPostprocessing = 0;
		};
		9942043119DE37F600942EE2 /* Resources */ = {
			isa = PBXResourcesBuildPhase;
			buildActionMask = 2147483647;
			files = (
			);
			runOnlyForDeploymentPostprocessing = 0;
		};
/* End PBXResourcesBuildPhase section */

/* Begin PBXSourcesBuildPhase section */
		9942041619DE37F600942EE2 /* Sources */ = {
			isa = PBXSourcesBuildPhase;
			buildActionMask = 2147483647;
			files = (
				9942044519DE38DD00942EE2 /* OWOuterSpaceTableViewController.m in Sources */,
				99E0B50B19E06F0900D3F8C4 /* OWSpaceObject.m in Sources */,
				9942042319DE37F600942EE2 /* AppDelegate.m in Sources */,
				9942042019DE37F600942EE2 /* main.m in Sources */,
				99ED9EF919DF952B00232EF2 /* AstronomicalData.m in Sources */,
				A30896D619EDC01200811552 /* OWSpaceDataViewController.m in Sources */,
				99E0B54B19E08DED00D3F8C4 /* OWSpaceImageViewController.m in Sources */,
			);
			runOnlyForDeploymentPostprocessing = 0;
		};
		9942042F19DE37F600942EE2 /* Sources */ = {
			isa = PBXSourcesBuildPhase;
			buildActionMask = 2147483647;
			files = (
				9942043A19DE37F600942EE2 /* Out_of_this_WorldTests.m in Sources */,
			);
			runOnlyForDeploymentPostprocessing = 0;
		};
/* End PBXSourcesBuildPhase section */

/* Begin PBXTargetDependency section */
		9942043519DE37F600942EE2 /* PBXTargetDependency */ = {
			isa = PBXTargetDependency;
			target = 9942041919DE37F600942EE2 /* Out of this World */;
			targetProxy = 9942043419DE37F600942EE2 /* PBXContainerItemProxy */;
		};
/* End PBXTargetDependency section */

/* Begin PBXVariantGroup section */
		9942042719DE37F600942EE2 /* Main.storyboard */ = {
			isa = PBXVariantGroup;
			children = (
				9942042819DE37F600942EE2 /* Base */,
			);
			name = Main.storyboard;
			sourceTree = "<group>";
		};
		9942042C19DE37F600942EE2 /* LaunchScreen.xib */ = {
			isa = PBXVariantGroup;
			children = (
				9942042D19DE37F600942EE2 /* Base */,
			);
			name = LaunchScreen.xib;
			sourceTree = "<group>";
		};
/* End PBXVariantGroup section */

/* Begin XCBuildConfiguration section */
		9942043B19DE37F600942EE2 /* Debug */ = {
			isa = XCBuildConfiguration;
			buildSettings = {
				ALWAYS_SEARCH_USER_PATHS = NO;
				CLANG_CXX_LANGUAGE_STANDARD = "gnu++0x";
				CLANG_CXX_LIBRARY = "libc++";
				CLANG_ENABLE_MODULES = YES;
				CLANG_ENABLE_OBJC_ARC = YES;
				CLANG_WARN_BOOL_CONVERSION = YES;
				CLANG_WARN_CONSTANT_CONVERSION = YES;
				CLANG_WARN_DIRECT_OBJC_ISA_USAGE = YES_ERROR;
				CLANG_WARN_EMPTY_BODY = YES;
				CLANG_WARN_ENUM_CONVERSION = YES;
				CLANG_WARN_INT_CONVERSION = YES;
				CLANG_WARN_OBJC_ROOT_CLASS = YES_ERROR;
				CLANG_WARN_UNREACHABLE_CODE = YES;
				CLANG_WARN__DUPLICATE_METHOD_MATCH = YES;
				"CODE_SIGN_IDENTITY[sdk=iphoneos*]" = "iPhone Developer";
				COPY_PHASE_STRIP = NO;
				ENABLE_STRICT_OBJC_MSGSEND = YES;
				GCC_C_LANGUAGE_STANDARD = gnu99;
				GCC_DYNAMIC_NO_PIC = NO;
				GCC_OPTIMIZATION_LEVEL = 0;
				GCC_PREPROCESSOR_DEFINITIONS = (
					"DEBUG=1",
					"$(inherited)",
				);
				GCC_SYMBOLS_PRIVATE_EXTERN = NO;
				GCC_WARN_64_TO_32_BIT_CONVERSION = YES;
				GCC_WARN_ABOUT_RETURN_TYPE = YES_ERROR;
				GCC_WARN_UNDECLARED_SELECTOR = YES;
				GCC_WARN_UNINITIALIZED_AUTOS = YES_AGGRESSIVE;
				GCC_WARN_UNUSED_FUNCTION = YES;
				GCC_WARN_UNUSED_VARIABLE = YES;
				IPHONEOS_DEPLOYMENT_TARGET = 8.0;
				MTL_ENABLE_DEBUG_INFO = YES;
				ONLY_ACTIVE_ARCH = YES;
				SDKROOT = iphoneos;
			};
			name = Debug;
		};
		9942043C19DE37F600942EE2 /* Release */ = {
			isa = XCBuildConfiguration;
			buildSettings = {
				ALWAYS_SEARCH_USER_PATHS = NO;
				CLANG_CXX_LANGUAGE_STANDARD = "gnu++0x";
				CLANG_CXX_LIBRARY = "libc++";
				CLANG_ENABLE_MODULES = YES;
				CLANG_ENABLE_OBJC_ARC = YES;
				CLANG_WARN_BOOL_CONVERSION = YES;
				CLANG_WARN_CONSTANT_CONVERSION = YES;
				CLANG_WARN_DIRECT_OBJC_ISA_USAGE = YES_ERROR;
				CLANG_WARN_EMPTY_BODY = YES;
				CLANG_WARN_ENUM_CONVERSION = YES;
				CLANG_WARN_INT_CONVERSION = YES;
				CLANG_WARN_OBJC_ROOT_CLASS = YES_ERROR;
				CLANG_WARN_UNREACHABLE_CODE = YES;
				CLANG_WARN__DUPLICATE_METHOD_MATCH = YES;
				"CODE_SIGN_IDENTITY[sdk=iphoneos*]" = "iPhone Developer";
				COPY_PHASE_STRIP = YES;
				ENABLE_NS_ASSERTIONS = NO;
				ENABLE_STRICT_OBJC_MSGSEND = YES;
				GCC_C_LANGUAGE_STANDARD = gnu99;
				GCC_WARN_64_TO_32_BIT_CONVERSION = YES;
				GCC_WARN_ABOUT_RETURN_TYPE = YES_ERROR;
				GCC_WARN_UNDECLARED_SELECTOR = YES;
				GCC_WARN_UNINITIALIZED_AUTOS = YES_AGGRESSIVE;
				GCC_WARN_UNUSED_FUNCTION = YES;
				GCC_WARN_UNUSED_VARIABLE = YES;
				IPHONEOS_DEPLOYMENT_TARGET = 8.0;
				MTL_ENABLE_DEBUG_INFO = NO;
				SDKROOT = iphoneos;
				VALIDATE_PRODUCT = YES;
			};
			name = Release;
		};
		9942043E19DE37F600942EE2 /* Debug */ = {
			isa = XCBuildConfiguration;
			buildSettings = {
				ASSETCATALOG_COMPILER_APPICON_NAME = AppIcon;
				INFOPLIST_FILE = "Out of this World/Info.plist";
				LD_RUNPATH_SEARCH_PATHS = "$(inherited) @executable_path/Frameworks";
				PRODUCT_NAME = "$(TARGET_NAME)";
			};
			name = Debug;
		};
		9942043F19DE37F600942EE2 /* Release */ = {
			isa = XCBuildConfiguration;
			buildSettings = {
				ASSETCATALOG_COMPILER_APPICON_NAME = AppIcon;
				INFOPLIST_FILE = "Out of this World/Info.plist";
				LD_RUNPATH_SEARCH_PATHS = "$(inherited) @executable_path/Frameworks";
				PRODUCT_NAME = "$(TARGET_NAME)";
			};
			name = Release;
		};
		9942044119DE37F600942EE2 /* Debug */ = {
			isa = XCBuildConfiguration;
			buildSettings = {
				BUNDLE_LOADER = "$(TEST_HOST)";
				FRAMEWORK_SEARCH_PATHS = (
					"$(SDKROOT)/Developer/Library/Frameworks",
					"$(inherited)",
				);
				GCC_PREPROCESSOR_DEFINITIONS = (
					"DEBUG=1",
					"$(inherited)",
				);
				INFOPLIST_FILE = "Out of this WorldTests/Info.plist";
				LD_RUNPATH_SEARCH_PATHS = "$(inherited) @executable_path/Frameworks @loader_path/Frameworks";
				PRODUCT_NAME = "$(TARGET_NAME)";
				TEST_HOST = "$(BUILT_PRODUCTS_DIR)/Out of this World.app/Out of this World";
			};
			name = Debug;
		};
		9942044219DE37F600942EE2 /* Release */ = {
			isa = XCBuildConfiguration;
			buildSettings = {
				BUNDLE_LOADER = "$(TEST_HOST)";
				FRAMEWORK_SEARCH_PATHS = (
					"$(SDKROOT)/Developer/Library/Frameworks",
					"$(inherited)",
				);
				INFOPLIST_FILE = "Out of this WorldTests/Info.plist";
				LD_RUNPATH_SEARCH_PATHS = "$(inherited) @executable_path/Frameworks @loader_path/Frameworks";
				PRODUCT_NAME = "$(TARGET_NAME)";
				TEST_HOST = "$(BUILT_PRODUCTS_DIR)/Out of this World.app/Out of this World";
			};
			name = Release;
		};
/* End XCBuildConfiguration section */

/* Begin XCConfigurationList section */
		9942041519DE37F600942EE2 /* Build configuration list for PBXProject "Out of this World" */ = {
			isa = XCConfigurationList;
			buildConfigurations = (
				9942043B19DE37F600942EE2 /* Debug */,
				9942043C19DE37F600942EE2 /* Release */,
			);
			defaultConfigurationIsVisible = 0;
			defaultConfigurationName = Release;
		};
		9942043D19DE37F600942EE2 /* Build configuration list for PBXNativeTarget "Out of this World" */ = {
			isa = XCConfigurationList;
			buildConfigurations = (
				9942043E19DE37F600942EE2 /* Debug */,
				9942043F19DE37F600942EE2 /* Release */,
			);
			defaultConfigurationIsVisible = 0;
			defaultConfigurationName = Release;
		};
		9942044019DE37F600942EE2 /* Build configuration list for PBXNativeTarget "Out of this WorldTests" */ = {
			isa = XCConfigurationList;
			buildConfigurations = (
				9942044119DE37F600942EE2 /* Debug */,
				9942044219DE37F600942EE2 /* Release */,
			);
			defaultConfigurationIsVisible = 0;
			defaultConfigurationName = Release;
		};
/* End XCConfigurationList section */
	};
	rootObject = 9942041219DE37F600942EE2 /* Project object */;
}
